
Microsoft Visual Studio Solution File, Format Version 12.00
# Visual Studio 2012
Project("{F2A71F9B-5D33-465A-A702-920D77279786}") = "Solitude Chess Solver", "Solitude Chess Solver\Solitude Chess Solver.fsproj", "{BBFC25D2-77DC-4287-B731-90E7D3225024}"
EndProject
Project("{FAE04EC0-301F-11D3-BF4B-00C04F79EFBC}") = "ExternalUsageTests", "ExternalUsageTests\ExternalUsageTests.csproj", "{087FB975-5972-4FE4-913F-EF9D402E48E6}"
	ProjectSection(ProjectDependencies) = postProject
		{BBFC25D2-77DC-4287-B731-90E7D3225024} = {BBFC25D2-77DC-4287-B731-90E7D3225024}
	EndProjectSection
EndProject
Global
	GlobalSection(SolutionConfigurationPlatforms) = preSolution
		Debug|Any CPU = Debug|Any CPU
		Release|Any CPU = Release|Any CPU
	EndGlobalSection
	GlobalSection(ProjectConfigurationPlatforms) = postSolution
		{BBFC25D2-77DC-4287-B731-90E7D3225024}.Debug|Any CPU.ActiveCfg = Debug|Any CPU
		{BBFC25D2-77DC-4287-B731-90E7D3225024}.Debug|Any CPU.Build.0 = Debug|Any CPU
		{BBFC25D2-77DC-4287-B731-90E7D3225024}.Release|Any CPU.ActiveCfg = Release|Any CPU
		{BBFC25D2-77DC-4287-B731-90E7D3225024}.Release|Any CPU.Build.0 = Release|Any CPU
		{087FB975-5972-4FE4-913F-EF9D402E48E6}.Debug|Any CPU.ActiveCfg = Debug|Any CPU
		{087FB975-5972-4FE4-913F-EF9D402E48E6}.Debug|Any CPU.Build.0 = Debug|Any CPU
		{087FB975-5972-4FE4-913F-EF9D402E48E6}.Release|Any CPU.ActiveCfg = Release|Any CPU
		{087FB975-5972-4FE4-913F-EF9D402E48E6}.Release|Any CPU.Build.0 = Release|Any CPU
	EndGlobalSection
	GlobalSection(SolutionProperties) = preSolution
		HideSolutionNode = FALSE
	EndGlobalSection
EndGlobal
